
Microsoft Visual Studio Solution File, Format Version 12.00
# Visual Studio Version 16
VisualStudioVersion = 16.0.29609.76
MinimumVisualStudioVersion = 15.0.26124.0
Project("{6EC3EE1D-3C4E-46DD-8F32-0CC8E7565705}") = "SendInputCore", "SendInputCore\SendInputCore.fsproj", "{8CC36D3F-C498-4C41-8C65-253E382E59CF}"
EndProject
Project("{F2A71F9B-5D33-465A-A702-920D77279786}") = "SendInputFramework", "SendInputFramework\SendInputFramework.fsproj", "{014C825C-1FCC-472C-A05E-FCC9E7263A1E}"
EndProject
Project("{6EC3EE1D-3C4E-46DD-8F32-0CC8E7565705}") = "SendInputLib", "SendInputLib\SendInputLib.fsproj", "{983903FE-215D-4D2C-AFD4-9284E2456CC5}"
EndProject
Project("{FAE04EC0-301F-11D3-BF4B-00C04F79EFBC}") = "SendInputLib.CSharp", "SendInput.CSharp\SendInputLib.CSharp.csproj", "{2853E425-3CBB-446F-9F61-212F12254CB9}"
EndProject
Project("{FAE04EC0-301F-11D3-BF4B-00C04F79EFBC}") = "SendInputCore.CSharp", "SendInputCore.CSharp\SendInputCore.CSharp.csproj", "{1DB24E52-2F24-4256-81EC-371859DD9BC7}"
EndProject
Global
	GlobalSection(SolutionConfigurationPlatforms) = preSolution
		Debug|Any CPU = Debug|Any CPU
		Debug|x64 = Debug|x64
		Debug|x86 = Debug|x86
		Release|Any CPU = Release|Any CPU
		Release|x64 = Release|x64
		Release|x86 = Release|x86
	EndGlobalSection
	GlobalSection(ProjectConfigurationPlatforms) = postSolution
		{8CC36D3F-C498-4C41-8C65-253E382E59CF}.Debug|Any CPU.ActiveCfg = Debug|Any CPU
		{8CC36D3F-C498-4C41-8C65-253E382E59CF}.Debug|Any CPU.Build.0 = Debug|Any CPU
		{8CC36D3F-C498-4C41-8C65-253E382E59CF}.Debug|x64.ActiveCfg = Debug|Any CPU
		{8CC36D3F-C498-4C41-8C65-253E382E59CF}.Debug|x64.Build.0 = Debug|Any CPU
		{8CC36D3F-C498-4C41-8C65-253E382E59CF}.Debug|x86.ActiveCfg = Debug|Any CPU
		{8CC36D3F-C498-4C41-8C65-253E382E59CF}.Debug|x86.Build.0 = Debug|Any CPU
		{8CC36D3F-C498-4C41-8C65-253E382E59CF}.Release|Any CPU.ActiveCfg = Release|Any CPU
		{8CC36D3F-C498-4C41-8C65-253E382E59CF}.Release|Any CPU.Build.0 = Release|Any CPU
		{8CC36D3F-C498-4C41-8C65-253E382E59CF}.Release|x64.ActiveCfg = Release|Any CPU
		{8CC36D3F-C498-4C41-8C65-253E382E59CF}.Release|x64.Build.0 = Release|Any CPU
		{8CC36D3F-C498-4C41-8C65-253E382E59CF}.Release|x86.ActiveCfg = Release|Any CPU
		{8CC36D3F-C498-4C41-8C65-253E382E59CF}.Release|x86.Build.0 = Release|Any CPU
		{014C825C-1FCC-472C-A05E-FCC9E7263A1E}.Debug|Any CPU.ActiveCfg = Debug|Any CPU
		{014C825C-1FCC-472C-A05E-FCC9E7263A1E}.Debug|Any CPU.Build.0 = Debug|Any CPU
		{014C825C-1FCC-472C-A05E-FCC9E7263A1E}.Debug|x64.ActiveCfg = Debug|Any CPU
		{014C825C-1FCC-472C-A05E-FCC9E7263A1E}.Debug|x64.Build.0 = Debug|Any CPU
		{014C825C-1FCC-472C-A05E-FCC9E7263A1E}.Debug|x86.ActiveCfg = Debug|Any CPU
		{014C825C-1FCC-472C-A05E-FCC9E7263A1E}.Debug|x86.Build.0 = Debug|Any CPU
		{014C825C-1FCC-472C-A05E-FCC9E7263A1E}.Release|Any CPU.ActiveCfg = Release|Any CPU
		{014C825C-1FCC-472C-A05E-FCC9E7263A1E}.Release|Any CPU.Build.0 = Release|Any CPU
		{014C825C-1FCC-472C-A05E-FCC9E7263A1E}.Release|x64.ActiveCfg = Release|Any CPU
		{014C825C-1FCC-472C-A05E-FCC9E7263A1E}.Release|x64.Build.0 = Release|Any CPU
		{014C825C-1FCC-472C-A05E-FCC9E7263A1E}.Release|x86.ActiveCfg = Release|Any CPU
		{014C825C-1FCC-472C-A05E-FCC9E7263A1E}.Release|x86.Build.0 = Release|Any CPU
		{983903FE-215D-4D2C-AFD4-9284E2456CC5}.Debug|Any CPU.ActiveCfg = Debug|Any CPU
		{983903FE-215D-4D2C-AFD4-9284E2456CC5}.Debug|Any CPU.Build.0 = Debug|Any CPU
		{983903FE-215D-4D2C-AFD4-9284E2456CC5}.Debug|x64.ActiveCfg = Debug|Any CPU
		{983903FE-215D-4D2C-AFD4-9284E2456CC5}.Debug|x64.Build.0 = Debug|Any CPU
		{983903FE-215D-4D2C-AFD4-9284E2456CC5}.Debug|x86.ActiveCfg = Debug|Any CPU
		{983903FE-215D-4D2C-AFD4-9284E2456CC5}.Debug|x86.Build.0 = Debug|Any CPU
		{983903FE-215D-4D2C-AFD4-9284E2456CC5}.Release|Any CPU.ActiveCfg = Release|Any CPU
		{983903FE-215D-4D2C-AFD4-9284E2456CC5}.Release|Any CPU.Build.0 = Release|Any CPU
		{983903FE-215D-4D2C-AFD4-9284E2456CC5}.Release|x64.ActiveCfg = Release|Any CPU
		{983903FE-215D-4D2C-AFD4-9284E2456CC5}.Release|x64.Build.0 = Release|Any CPU
		{983903FE-215D-4D2C-AFD4-9284E2456CC5}.Release|x86.ActiveCfg = Release|Any CPU
		{983903FE-215D-4D2C-AFD4-9284E2456CC5}.Release|x86.Build.0 = Release|Any CPU
		{2853E425-3CBB-446F-9F61-212F12254CB9}.Debug|Any CPU.ActiveCfg = Debug|Any CPU
		{2853E425-3CBB-446F-9F61-212F12254CB9}.Debug|Any CPU.Build.0 = Debug|Any CPU
		{2853E425-3CBB-446F-9F61-212F12254CB9}.Debug|x64.ActiveCfg = Debug|Any CPU
		{2853E425-3CBB-446F-9F61-212F12254CB9}.Debug|x64.Build.0 = Debug|Any CPU
		{2853E425-3CBB-446F-9F61-212F12254CB9}.Debug|x86.ActiveCfg = Debug|Any CPU
		{2853E425-3CBB-446F-9F61-212F12254CB9}.Debug|x86.Build.0 = Debug|Any CPU
		{2853E425-3CBB-446F-9F61-212F12254CB9}.Release|Any CPU.ActiveCfg = Release|Any CPU
		{2853E425-3CBB-446F-9F61-212F12254CB9}.Release|Any CPU.Build.0 = Release|Any CPU
		{2853E425-3CBB-446F-9F61-212F12254CB9}.Release|x64.ActiveCfg = Release|Any CPU
		{2853E425-3CBB-446F-9F61-212F12254CB9}.Release|x64.Build.0 = Release|Any CPU
		{2853E425-3CBB-446F-9F61-212F12254CB9}.Release|x86.ActiveCfg = Release|Any CPU
		{2853E425-3CBB-446F-9F61-212F12254CB9}.Release|x86.Build.0 = Release|Any CPU
		{1DB24E52-2F24-4256-81EC-371859DD9BC7}.Debug|Any CPU.ActiveCfg = Debug|Any CPU
		{1DB24E52-2F24-4256-81EC-371859DD9BC7}.Debug|Any CPU.Build.0 = Debug|Any CPU
		{1DB24E52-2F24-4256-81EC-371859DD9BC7}.Debug|x64.ActiveCfg = Debug|Any CPU
		{1DB24E52-2F24-4256-81EC-371859DD9BC7}.Debug|x64.Build.0 = Debug|Any CPU
		{1DB24E52-2F24-4256-81EC-371859DD9BC7}.Debug|x86.ActiveCfg = Debug|Any CPU
		{1DB24E52-2F24-4256-81EC-371859DD9BC7}.Debug|x86.Build.0 = Debug|Any CPU
		{1DB24E52-2F24-4256-81EC-371859DD9BC7}.Release|Any CPU.ActiveCfg = Release|Any CPU
		{1DB24E52-2F24-4256-81EC-371859DD9BC7}.Release|Any CPU.Build.0 = Release|Any CPU
		{1DB24E52-2F24-4256-81EC-371859DD9BC7}.Release|x64.ActiveCfg = Release|Any CPU
		{1DB24E52-2F24-4256-81EC-371859DD9BC7}.Release|x64.Build.0 = Release|Any CPU
		{1DB24E52-2F24-4256-81EC-371859DD9BC7}.Release|x86.ActiveCfg = Release|Any CPU
		{1DB24E52-2F24-4256-81EC-371859DD9BC7}.Release|x86.Build.0 = Release|Any CPU
	EndGlobalSection
	GlobalSection(SolutionProperties) = preSolution
		HideSolutionNode = FALSE
	EndGlobalSection
	GlobalSection(ExtensibilityGlobals) = postSolution
		SolutionGuid = {416C2C52-1035-4D18-9AEB-35E6810F135E}
	EndGlobalSection
EndGlobal
